// !$*UTF8*$!
{
	archiveVersion = 1;
	classes = {
	};
	objectVersion = 52;
	objects = {

/* Begin PBXBuildFile section */
		AD0552C425CEFD4A00CB6147 /* GeometryAPI in Frameworks */ = {isa = PBXBuildFile; productRef = AD0552C325CEFD4A00CB6147 /* GeometryAPI */; };
		AD0552EC25CEFEF700CB6147 /* Preview Content in Resources */ = {isa = PBXBuildFile; fileRef = AD0552EB25CEFEF700CB6147 /* Preview Content */; };
		AD164B0C25BB51360035B473 /* Asteroid_WatchApp.swift in Sources */ = {isa = PBXBuildFile; fileRef = AD164B0B25BB51360035B473 /* Asteroid_WatchApp.swift */; };
		AD19CB3125C042D8000DF7D7 /* AsteroidListView.swift in Sources */ = {isa = PBXBuildFile; fileRef = AD19CB3025C042D8000DF7D7 /* AsteroidListView.swift */; };
		AD48D78925F1946F0077200F /* LoadingView.swift in Sources */ = {isa = PBXBuildFile; fileRef = AD48D78725F1946E0077200F /* LoadingView.swift */; };
		AD48D78A25F1946F0077200F /* LoadingScene.swift in Sources */ = {isa = PBXBuildFile; fileRef = AD48D78825F1946F0077200F /* LoadingScene.swift */; };
		AD5FD14025E7018C0088551C /* SizeComparisonScene.swift in Sources */ = {isa = PBXBuildFile; fileRef = AD5FD13E25E7018C0088551C /* SizeComparisonScene.swift */; };
		AD5FD14125E7018C0088551C /* SizeComparison.scn in Resources */ = {isa = PBXBuildFile; fileRef = AD5FD13F25E7018C0088551C /* SizeComparison.scn */; };
		AD62D64C25D5B7D200B40870 /* InfoView.swift in Sources */ = {isa = PBXBuildFile; fileRef = AD62D64B25D5B7D200B40870 /* InfoView.swift */; };
		AD80604325E86118002D2D7F /* ComparisonSequenceView.swift in Sources */ = {isa = PBXBuildFile; fileRef = AD80604225E86118002D2D7F /* ComparisonSequenceView.swift */; };
		AD80604525E86352002D2D7F /* Images in Resources */ = {isa = PBXBuildFile; fileRef = AD80604425E86352002D2D7F /* Images */; };
		AD864C8525D47E68002689FB /* ComparisonSettingsView.swift in Sources */ = {isa = PBXBuildFile; fileRef = AD864C8425D47E68002689FB /* ComparisonSettingsView.swift */; };
		AD91510126230FCD00392C51 /* SizeComparable.swift in Sources */ = {isa = PBXBuildFile; fileRef = AD91510026230FCD00392C51 /* SizeComparable.swift */; };
		AD915103262324AF00392C51 /* SCNNodeExt.swift in Sources */ = {isa = PBXBuildFile; fileRef = AD915102262324AF00392C51 /* SCNNodeExt.swift */; };
		ADB3A14525BF5BCE00528F3D /* MainView.swift in Sources */ = {isa = PBXBuildFile; fileRef = ADB3A14425BF5BCE00528F3D /* MainView.swift */; };
		ADB3A14A25BF693C00528F3D /* SearchView.swift in Sources */ = {isa = PBXBuildFile; fileRef = ADB3A14925BF693C00528F3D /* SearchView.swift */; };
		ADB3A15225BF6BAF00528F3D /* AsteroidView.swift in Sources */ = {isa = PBXBuildFile; fileRef = ADB3A15125BF6BAF00528F3D /* AsteroidView.swift */; };
		ADB3A15825BF759D00528F3D /* AsteroidWatchAPI in Frameworks */ = {isa = PBXBuildFile; productRef = ADB3A15725BF759D00528F3D /* AsteroidWatchAPI */; };
		ADB468092624FCBF00680499 /* models.scnassets in Resources */ = {isa = PBXBuildFile; fileRef = ADB468082624FCBF00680499 /* models.scnassets */; };
		ADC6E09D262ADBFC007E0670 /* exampleAsteroids.json in Resources */ = {isa = PBXBuildFile; fileRef = ADC6E09C262ADBFC007E0670 /* exampleAsteroids.json */; };
		ADC6E09F262ADCAF007E0670 /* JSONConverter.swift in Sources */ = {isa = PBXBuildFile; fileRef = ADC6E09E262ADCAF007E0670 /* JSONConverter.swift */; };
		ADC9CC6325CF0E1E0045558A /* AsteroidViewItem.swift in Sources */ = {isa = PBXBuildFile; fileRef = ADC9CC6225CF0E1E0045558A /* AsteroidViewItem.swift */; };
		ADC9CC6825CF18AD0045558A /* AsteroidViewItemScene.sks in Resources */ = {isa = PBXBuildFile; fileRef = ADC9CC6725CF18AD0045558A /* AsteroidViewItemScene.sks */; };
		ADC9CC7D25CF1F140045558A /* Assets.xcassets in Resources */ = {isa = PBXBuildFile; fileRef = ADC9CC7C25CF1F140045558A /* Assets.xcassets */; };
		ADC9CC8625CF289F0045558A /* AsteroidViewItemScene2.sks in Resources */ = {isa = PBXBuildFile; fileRef = ADC9CC8525CF289F0045558A /* AsteroidViewItemScene2.sks */; };
		ADDA558D25CEFCA000CD8FCA /* AsteroidViewItemScene.swift in Sources */ = {isa = PBXBuildFile; fileRef = ADDA558C25CEFCA000CD8FCA /* AsteroidViewItemScene.swift */; };
		ADDA559225CEFCBD00CD8FCA /* AsteroidGenerator.swift in Sources */ = {isa = PBXBuildFile; fileRef = ADDA559125CEFCBD00CD8FCA /* AsteroidGenerator.swift */; };
		ADF2DBFE25D7FD6000A26A08 /* Comparison.swift in Sources */ = {isa = PBXBuildFile; fileRef = ADF2DBFD25D7FD6000A26A08 /* Comparison.swift */; };
/* End PBXBuildFile section */

/* Begin PBXContainerItemProxy section */
		AD164B1F25BB51370035B473 /* PBXContainerItemProxy */ = {
			isa = PBXContainerItemProxy;
			containerPortal = AD164B0025BB51350035B473 /* Project object */;
			proxyType = 1;
			remoteGlobalIDString = AD164B0725BB51350035B473;
			remoteInfo = "Asteroid Watch";
		};
		AD164B2A25BB51370035B473 /* PBXContainerItemProxy */ = {
			isa = PBXContainerItemProxy;
			containerPortal = AD164B0025BB51350035B473 /* Project object */;
			proxyType = 1;
			remoteGlobalIDString = AD164B0725BB51350035B473;
			remoteInfo = "Asteroid Watch";
		};
/* End PBXContainerItemProxy section */

/* Begin PBXFileReference section */
		AD0552BF25CEFCFB00CB6147 /* test.playground */ = {isa = PBXFileReference; lastKnownFileType = file.playground; path = test.playground; sourceTree = "<group>"; xcLanguageSpecificationIdentifier = xcode.lang.swift; };
		AD0552EB25CEFEF700CB6147 /* Preview Content */ = {isa = PBXFileReference; lastKnownFileType = folder; path = "Preview Content"; sourceTree = "<group>"; };
		AD164B0825BB51350035B473 /* Asteroid Watch.app */ = {isa = PBXFileReference; explicitFileType = wrapper.application; includeInIndex = 0; path = "Asteroid Watch.app"; sourceTree = BUILT_PRODUCTS_DIR; };
		AD164B0B25BB51360035B473 /* Asteroid_WatchApp.swift */ = {isa = PBXFileReference; lastKnownFileType = sourcecode.swift; path = Asteroid_WatchApp.swift; sourceTree = "<group>"; };
		AD164B1925BB51360035B473 /* Info.plist */ = {isa = PBXFileReference; lastKnownFileType = text.plist.xml; path = Info.plist; sourceTree = "<group>"; };
		AD164B1E25BB51370035B473 /* Asteroid WatchTests.xctest */ = {isa = PBXFileReference; explicitFileType = wrapper.cfbundle; includeInIndex = 0; path = "Asteroid WatchTests.xctest"; sourceTree = BUILT_PRODUCTS_DIR; };
		AD164B2425BB51370035B473 /* Info.plist */ = {isa = PBXFileReference; lastKnownFileType = text.plist.xml; path = Info.plist; sourceTree = "<group>"; };
		AD164B2925BB51370035B473 /* Asteroid WatchUITests.xctest */ = {isa = PBXFileReference; explicitFileType = wrapper.cfbundle; includeInIndex = 0; path = "Asteroid WatchUITests.xctest"; sourceTree = BUILT_PRODUCTS_DIR; };
		AD19CB3025C042D8000DF7D7 /* AsteroidListView.swift */ = {isa = PBXFileReference; lastKnownFileType = sourcecode.swift; path = AsteroidListView.swift; sourceTree = "<group>"; };
		AD48D78725F1946E0077200F /* LoadingView.swift */ = {isa = PBXFileReference; fileEncoding = 4; lastKnownFileType = sourcecode.swift; path = LoadingView.swift; sourceTree = "<group>"; };
		AD48D78825F1946F0077200F /* LoadingScene.swift */ = {isa = PBXFileReference; fileEncoding = 4; lastKnownFileType = sourcecode.swift; path = LoadingScene.swift; sourceTree = "<group>"; };
		AD5FD13E25E7018C0088551C /* SizeComparisonScene.swift */ = {isa = PBXFileReference; fileEncoding = 4; lastKnownFileType = sourcecode.swift; path = SizeComparisonScene.swift; sourceTree = "<group>"; };
		AD5FD13F25E7018C0088551C /* SizeComparison.scn */ = {isa = PBXFileReference; lastKnownFileType = file.bplist; path = SizeComparison.scn; sourceTree = "<group>"; };
		AD62D64B25D5B7D200B40870 /* InfoView.swift */ = {isa = PBXFileReference; lastKnownFileType = sourcecode.swift; path = InfoView.swift; sourceTree = "<group>"; };
		AD80604225E86118002D2D7F /* ComparisonSequenceView.swift */ = {isa = PBXFileReference; lastKnownFileType = sourcecode.swift; path = ComparisonSequenceView.swift; sourceTree = "<group>"; };
		AD80604425E86352002D2D7F /* Images */ = {isa = PBXFileReference; lastKnownFileType = folder; path = Images; sourceTree = "<group>"; };
		AD864C8425D47E68002689FB /* ComparisonSettingsView.swift */ = {isa = PBXFileReference; lastKnownFileType = sourcecode.swift; path = ComparisonSettingsView.swift; sourceTree = "<group>"; };
		AD91510026230FCD00392C51 /* SizeComparable.swift */ = {isa = PBXFileReference; lastKnownFileType = sourcecode.swift; path = SizeComparable.swift; sourceTree = "<group>"; };
		AD915102262324AF00392C51 /* SCNNodeExt.swift */ = {isa = PBXFileReference; lastKnownFileType = sourcecode.swift; path = SCNNodeExt.swift; sourceTree = "<group>"; };
		ADA20E66262CA7540023DA5F /* MyPlayground.playground */ = {isa = PBXFileReference; lastKnownFileType = file.playground; path = MyPlayground.playground; sourceTree = "<group>"; xcLanguageSpecificationIdentifier = xcode.lang.swift; };
		ADB3A14425BF5BCE00528F3D /* MainView.swift */ = {isa = PBXFileReference; lastKnownFileType = sourcecode.swift; path = MainView.swift; sourceTree = "<group>"; };
		ADB3A14925BF693C00528F3D /* SearchView.swift */ = {isa = PBXFileReference; lastKnownFileType = sourcecode.swift; path = SearchView.swift; sourceTree = "<group>"; };
		ADB3A15125BF6BAF00528F3D /* AsteroidView.swift */ = {isa = PBXFileReference; lastKnownFileType = sourcecode.swift; path = AsteroidView.swift; sourceTree = "<group>"; };
		ADB468082624FCBF00680499 /* models.scnassets */ = {isa = PBXFileReference; lastKnownFileType = wrapper.scnassets; path = models.scnassets; sourceTree = "<group>"; };
		ADC6E09C262ADBFC007E0670 /* exampleAsteroids.json */ = {isa = PBXFileReference; fileEncoding = 4; lastKnownFileType = text.json; path = exampleAsteroids.json; sourceTree = "<group>"; };
		ADC6E09E262ADCAF007E0670 /* JSONConverter.swift */ = {isa = PBXFileReference; lastKnownFileType = sourcecode.swift; path = JSONConverter.swift; sourceTree = "<group>"; };
		ADC9CC6225CF0E1E0045558A /* AsteroidViewItem.swift */ = {isa = PBXFileReference; lastKnownFileType = sourcecode.swift; path = AsteroidViewItem.swift; sourceTree = "<group>"; };
		ADC9CC6725CF18AD0045558A /* AsteroidViewItemScene.sks */ = {isa = PBXFileReference; lastKnownFileType = file.sks; path = AsteroidViewItemScene.sks; sourceTree = "<group>"; };
		ADC9CC7C25CF1F140045558A /* Assets.xcassets */ = {isa = PBXFileReference; lastKnownFileType = folder.assetcatalog; path = Assets.xcassets; sourceTree = "<group>"; };
		ADC9CC8525CF289F0045558A /* AsteroidViewItemScene2.sks */ = {isa = PBXFileReference; lastKnownFileType = file.sks; path = AsteroidViewItemScene2.sks; sourceTree = "<group>"; };
		ADDA558C25CEFCA000CD8FCA /* AsteroidViewItemScene.swift */ = {isa = PBXFileReference; lastKnownFileType = sourcecode.swift; path = AsteroidViewItemScene.swift; sourceTree = "<group>"; };
		ADDA559125CEFCBD00CD8FCA /* AsteroidGenerator.swift */ = {isa = PBXFileReference; lastKnownFileType = sourcecode.swift; path = AsteroidGenerator.swift; sourceTree = "<group>"; };
		ADF2DBFD25D7FD6000A26A08 /* Comparison.swift */ = {isa = PBXFileReference; fileEncoding = 4; lastKnownFileType = sourcecode.swift; path = Comparison.swift; sourceTree = "<group>"; };
/* End PBXFileReference section */

/* Begin PBXFrameworksBuildPhase section */
		AD164B0525BB51350035B473 /* Frameworks */ = {
			isa = PBXFrameworksBuildPhase;
			buildActionMask = 2147483647;
			files = (
				ADB3A15825BF759D00528F3D /* AsteroidWatchAPI in Frameworks */,
				AD0552C425CEFD4A00CB6147 /* GeometryAPI in Frameworks */,
			);
			runOnlyForDeploymentPostprocessing = 0;
		};
		AD164B1B25BB51370035B473 /* Frameworks */ = {
			isa = PBXFrameworksBuildPhase;
			buildActionMask = 2147483647;
			files = (
			);
			runOnlyForDeploymentPostprocessing = 0;
		};
		AD164B2625BB51370035B473 /* Frameworks */ = {
			isa = PBXFrameworksBuildPhase;
			buildActionMask = 2147483647;
			files = (
			);
			runOnlyForDeploymentPostprocessing = 0;
		};
/* End PBXFrameworksBuildPhase section */

/* Begin PBXGroup section */
		AD164AFF25BB51350035B473 = {
			isa = PBXGroup;
			children = (
				ADA20E66262CA7540023DA5F /* MyPlayground.playground */,
				AD164B0A25BB51350035B473 /* Asteroid Watch */,
				AD164B2125BB51370035B473 /* Asteroid WatchTests */,
				AD164B0925BB51350035B473 /* Products */,
				ADB3A15625BF759D00528F3D /* Frameworks */,
			);
			sourceTree = "<group>";
		};
		AD164B0925BB51350035B473 /* Products */ = {
			isa = PBXGroup;
			children = (
				AD164B0825BB51350035B473 /* Asteroid Watch.app */,
				AD164B1E25BB51370035B473 /* Asteroid WatchTests.xctest */,
				AD164B2925BB51370035B473 /* Asteroid WatchUITests.xctest */,
			);
			name = Products;
			sourceTree = "<group>";
		};
		AD164B0A25BB51350035B473 /* Asteroid Watch */ = {
			isa = PBXGroup;
			children = (
				ADC6E09C262ADBFC007E0670 /* exampleAsteroids.json */,
				AD48D78825F1946F0077200F /* LoadingScene.swift */,
				AD48D78725F1946E0077200F /* LoadingView.swift */,
				AD80604425E86352002D2D7F /* Images */,
				AD5FD13F25E7018C0088551C /* SizeComparison.scn */,
				AD5FD13E25E7018C0088551C /* SizeComparisonScene.swift */,
				AD0552EB25CEFEF700CB6147 /* Preview Content */,
				AD0552BF25CEFCFB00CB6147 /* test.playground */,
				AD164B1925BB51360035B473 /* Info.plist */,
				ADC9CC6725CF18AD0045558A /* AsteroidViewItemScene.sks */,
				ADC9CC8525CF289F0045558A /* AsteroidViewItemScene2.sks */,
				AD164B0B25BB51360035B473 /* Asteroid_WatchApp.swift */,
				ADDA559125CEFCBD00CD8FCA /* AsteroidGenerator.swift */,
				AD19CB3025C042D8000DF7D7 /* AsteroidListView.swift */,
				ADB3A15125BF6BAF00528F3D /* AsteroidView.swift */,
				ADC9CC6225CF0E1E0045558A /* AsteroidViewItem.swift */,
				ADDA558C25CEFCA000CD8FCA /* AsteroidViewItemScene.swift */,
				ADF2DBFD25D7FD6000A26A08 /* Comparison.swift */,
				AD864C8425D47E68002689FB /* ComparisonSettingsView.swift */,
				AD62D64B25D5B7D200B40870 /* InfoView.swift */,
				ADB3A14425BF5BCE00528F3D /* MainView.swift */,
				ADB3A14925BF693C00528F3D /* SearchView.swift */,
				ADC9CC7C25CF1F140045558A /* Assets.xcassets */,
				AD80604225E86118002D2D7F /* ComparisonSequenceView.swift */,
				AD91510026230FCD00392C51 /* SizeComparable.swift */,
				AD915102262324AF00392C51 /* SCNNodeExt.swift */,
				ADB468082624FCBF00680499 /* models.scnassets */,
				ADC6E09E262ADCAF007E0670 /* JSONConverter.swift */,
			);
			path = "Asteroid Watch";
			sourceTree = "<group>";
		};
		AD164B2125BB51370035B473 /* Asteroid WatchTests */ = {
			isa = PBXGroup;
			children = (
				AD164B2425BB51370035B473 /* Info.plist */,
			);
			path = "Asteroid WatchTests";
			sourceTree = "<group>";
		};
		ADB3A15625BF759D00528F3D /* Frameworks */ = {
			isa = PBXGroup;
			children = (
			);
			name = Frameworks;
			sourceTree = "<group>";
		};
/* End PBXGroup section */

/* Begin PBXNativeTarget section */
		AD164B0725BB51350035B473 /* Asteroid Watch */ = {
			isa = PBXNativeTarget;
			buildConfigurationList = AD164B3225BB51370035B473 /* Build configuration list for PBXNativeTarget "Asteroid Watch" */;
			buildPhases = (
				AD164B0425BB51350035B473 /* Sources */,
				AD164B0525BB51350035B473 /* Frameworks */,
				AD164B0625BB51350035B473 /* Resources */,
			);
			buildRules = (
			);
			dependencies = (
			);
			name = "Asteroid Watch";
			packageProductDependencies = (
				ADB3A15725BF759D00528F3D /* AsteroidWatchAPI */,
				AD0552C325CEFD4A00CB6147 /* GeometryAPI */,
			);
			productName = "Asteroid Watch";
			productReference = AD164B0825BB51350035B473 /* Asteroid Watch.app */;
			productType = "com.apple.product-type.application";
		};
		AD164B1D25BB51370035B473 /* Asteroid WatchTests */ = {
			isa = PBXNativeTarget;
			buildConfigurationList = AD164B3525BB51370035B473 /* Build configuration list for PBXNativeTarget "Asteroid WatchTests" */;
			buildPhases = (
				AD164B1A25BB51370035B473 /* Sources */,
				AD164B1B25BB51370035B473 /* Frameworks */,
				AD164B1C25BB51370035B473 /* Resources */,
			);
			buildRules = (
			);
			dependencies = (
				AD164B2025BB51370035B473 /* PBXTargetDependency */,
			);
			name = "Asteroid WatchTests";
			productName = "Asteroid WatchTests";
			productReference = AD164B1E25BB51370035B473 /* Asteroid WatchTests.xctest */;
			productType = "com.apple.product-type.bundle.unit-test";
		};
		AD164B2825BB51370035B473 /* Asteroid WatchUITests */ = {
			isa = PBXNativeTarget;
			buildConfigurationList = AD164B3825BB51370035B473 /* Build configuration list for PBXNativeTarget "Asteroid WatchUITests" */;
			buildPhases = (
				AD164B2525BB51370035B473 /* Sources */,
				AD164B2625BB51370035B473 /* Frameworks */,
				AD164B2725BB51370035B473 /* Resources */,
			);
			buildRules = (
			);
			dependencies = (
				AD164B2B25BB51370035B473 /* PBXTargetDependency */,
			);
			name = "Asteroid WatchUITests";
			productName = "Asteroid WatchUITests";
			productReference = AD164B2925BB51370035B473 /* Asteroid WatchUITests.xctest */;
			productType = "com.apple.product-type.bundle.ui-testing";
		};
/* End PBXNativeTarget section */

/* Begin PBXProject section */
		AD164B0025BB51350035B473 /* Project object */ = {
			isa = PBXProject;
			attributes = {
				LastSwiftUpdateCheck = 1230;
				LastUpgradeCheck = 1230;
				TargetAttributes = {
					AD164B0725BB51350035B473 = {
						CreatedOnToolsVersion = 12.3;
					};
					AD164B1D25BB51370035B473 = {
						CreatedOnToolsVersion = 12.3;
						LastSwiftMigration = 1240;
						TestTargetID = AD164B0725BB51350035B473;
					};
					AD164B2825BB51370035B473 = {
						CreatedOnToolsVersion = 12.3;
						TestTargetID = AD164B0725BB51350035B473;
					};
				};
			};
			buildConfigurationList = AD164B0325BB51350035B473 /* Build configuration list for PBXProject "Asteroid Watch" */;
			compatibilityVersion = "Xcode 9.3";
			developmentRegion = en;
			hasScannedForEncodings = 0;
			knownRegions = (
				en,
				Base,
			);
			mainGroup = AD164AFF25BB51350035B473;
			productRefGroup = AD164B0925BB51350035B473 /* Products */;
			projectDirPath = "";
			projectRoot = "";
			targets = (
				AD164B0725BB51350035B473 /* Asteroid Watch */,
				AD164B1D25BB51370035B473 /* Asteroid WatchTests */,
				AD164B2825BB51370035B473 /* Asteroid WatchUITests */,
			);
		};
/* End PBXProject section */

/* Begin PBXResourcesBuildPhase section */
		AD164B0625BB51350035B473 /* Resources */ = {
			isa = PBXResourcesBuildPhase;
			buildActionMask = 2147483647;
			files = (
				AD0552EC25CEFEF700CB6147 /* Preview Content in Resources */,
				ADC9CC7D25CF1F140045558A /* Assets.xcassets in Resources */,
				ADC9CC8625CF289F0045558A /* AsteroidViewItemScene2.sks in Resources */,
				ADB468092624FCBF00680499 /* models.scnassets in Resources */,
				AD5FD14125E7018C0088551C /* SizeComparison.scn in Resources */,
				AD80604525E86352002D2D7F /* Images in Resources */,
				ADC9CC6825CF18AD0045558A /* AsteroidViewItemScene.sks in Resources */,
				ADC6E09D262ADBFC007E0670 /* exampleAsteroids.json in Resources */,
			);
			runOnlyForDeploymentPostprocessing = 0;
		};
		AD164B1C25BB51370035B473 /* Resources */ = {
			isa = PBXResourcesBuildPhase;
			buildActionMask = 2147483647;
			files = (
			);
			runOnlyForDeploymentPostprocessing = 0;
		};
		AD164B2725BB51370035B473 /* Resources */ = {
			isa = PBXResourcesBuildPhase;
			buildActionMask = 2147483647;
			files = (
			);
			runOnlyForDeploymentPostprocessing = 0;
		};
/* End PBXResourcesBuildPhase section */

/* Begin PBXSourcesBuildPhase section */
		AD164B0425BB51350035B473 /* Sources */ = {
			isa = PBXSourcesBuildPhase;
			buildActionMask = 2147483647;
			files = (
				AD91510126230FCD00392C51 /* SizeComparable.swift in Sources */,
				ADDA559225CEFCBD00CD8FCA /* AsteroidGenerator.swift in Sources */,
				ADC6E09F262ADCAF007E0670 /* JSONConverter.swift in Sources */,
				AD62D64C25D5B7D200B40870 /* InfoView.swift in Sources */,
				AD164B0C25BB51360035B473 /* Asteroid_WatchApp.swift in Sources */,
				ADB3A14A25BF693C00528F3D /* SearchView.swift in Sources */,
				AD19CB3125C042D8000DF7D7 /* AsteroidListView.swift in Sources */,
				AD48D78925F1946F0077200F /* LoadingView.swift in Sources */,
				AD864C8525D47E68002689FB /* ComparisonSettingsView.swift in Sources */,
				ADDA558D25CEFCA000CD8FCA /* AsteroidViewItemScene.swift in Sources */,
				AD80604325E86118002D2D7F /* ComparisonSequenceView.swift in Sources */,
				ADB3A14525BF5BCE00528F3D /* MainView.swift in Sources */,
				AD48D78A25F1946F0077200F /* LoadingScene.swift in Sources */,
				AD915103262324AF00392C51 /* SCNNodeExt.swift in Sources */,
				ADC9CC6325CF0E1E0045558A /* AsteroidViewItem.swift in Sources */,
				AD5FD14025E7018C0088551C /* SizeComparisonScene.swift in Sources */,
				ADF2DBFE25D7FD6000A26A08 /* Comparison.swift in Sources */,
				ADB3A15225BF6BAF00528F3D /* AsteroidView.swift in Sources */,
			);
			runOnlyForDeploymentPostprocessing = 0;
		};
		AD164B1A25BB51370035B473 /* Sources */ = {
			isa = PBXSourcesBuildPhase;
			buildActionMask = 2147483647;
			files = (
			);
			runOnlyForDeploymentPostprocessing = 0;
		};
		AD164B2525BB51370035B473 /* Sources */ = {
			isa = PBXSourcesBuildPhase;
			buildActionMask = 2147483647;
			files = (
			);
			runOnlyForDeploymentPostprocessing = 0;
		};
/* End PBXSourcesBuildPhase section */

/* Begin PBXTargetDependency section */
		AD164B2025BB51370035B473 /* PBXTargetDependency */ = {
			isa = PBXTargetDependency;
			target = AD164B0725BB51350035B473 /* Asteroid Watch */;
			targetProxy = AD164B1F25BB51370035B473 /* PBXContainerItemProxy */;
		};
		AD164B2B25BB51370035B473 /* PBXTargetDependency */ = {
			isa = PBXTargetDependency;
			target = AD164B0725BB51350035B473 /* Asteroid Watch */;
			targetProxy = AD164B2A25BB51370035B473 /* PBXContainerItemProxy */;
		};
/* End PBXTargetDependency section */

/* Begin XCBuildConfiguration section */
		AD164B3025BB51370035B473 /* Debug */ = {
			isa = XCBuildConfiguration;
			buildSettings = {
				ALWAYS_SEARCH_USER_PATHS = NO;
				CLANG_ANALYZER_NONNULL = YES;
				CLANG_ANALYZER_NUMBER_OBJECT_CONVERSION = YES_AGGRESSIVE;
				CLANG_CXX_LANGUAGE_STANDARD = "gnu++14";
				CLANG_CXX_LIBRARY = "libc++";
				CLANG_ENABLE_MODULES = YES;
				CLANG_ENABLE_OBJC_ARC = YES;
				CLANG_ENABLE_OBJC_WEAK = YES;
				CLANG_WARN_BLOCK_CAPTURE_AUTORELEASING = YES;
				CLANG_WARN_BOOL_CONVERSION = YES;
				CLANG_WARN_COMMA = YES;
				CLANG_WARN_CONSTANT_CONVERSION = YES;
				CLANG_WARN_DEPRECATED_OBJC_IMPLEMENTATIONS = YES;
				CLANG_WARN_DIRECT_OBJC_ISA_USAGE = YES_ERROR;
				CLANG_WARN_DOCUMENTATION_COMMENTS = YES;
				CLANG_WARN_EMPTY_BODY = YES;
				CLANG_WARN_ENUM_CONVERSION = YES;
				CLANG_WARN_INFINITE_RECURSION = YES;
				CLANG_WARN_INT_CONVERSION = YES;
				CLANG_WARN_NON_LITERAL_NULL_CONVERSION = YES;
				CLANG_WARN_OBJC_IMPLICIT_RETAIN_SELF = YES;
				CLANG_WARN_OBJC_LITERAL_CONVERSION = YES;
				CLANG_WARN_OBJC_ROOT_CLASS = YES_ERROR;
				CLANG_WARN_QUOTED_INCLUDE_IN_FRAMEWORK_HEADER = YES;
				CLANG_WARN_RANGE_LOOP_ANALYSIS = YES;
				CLANG_WARN_STRICT_PROTOTYPES = YES;
				CLANG_WARN_SUSPICIOUS_MOVE = YES;
				CLANG_WARN_UNGUARDED_AVAILABILITY = YES_AGGRESSIVE;
				CLANG_WARN_UNREACHABLE_CODE = YES;
				CLANG_WARN__DUPLICATE_METHOD_MATCH = YES;
				COPY_PHASE_STRIP = NO;
				DEBUG_INFORMATION_FORMAT = dwarf;
				ENABLE_STRICT_OBJC_MSGSEND = YES;
				ENABLE_TESTABILITY = YES;
				GCC_C_LANGUAGE_STANDARD = gnu11;
				GCC_DYNAMIC_NO_PIC = NO;
				GCC_NO_COMMON_BLOCKS = YES;
				GCC_OPTIMIZATION_LEVEL = 0;
				GCC_PREPROCESSOR_DEFINITIONS = (
					"DEBUG=1",
					"$(inherited)",
				);
				GCC_WARN_64_TO_32_BIT_CONVERSION = YES;
				GCC_WARN_ABOUT_RETURN_TYPE = YES_ERROR;
				GCC_WARN_UNDECLARED_SELECTOR = YES;
				GCC_WARN_UNINITIALIZED_AUTOS = YES_AGGRESSIVE;
				GCC_WARN_UNUSED_FUNCTION = YES;
				GCC_WARN_UNUSED_VARIABLE = YES;
				IPHONEOS_DEPLOYMENT_TARGET = 14.3;
				MTL_ENABLE_DEBUG_INFO = INCLUDE_SOURCE;
				MTL_FAST_MATH = YES;
				ONLY_ACTIVE_ARCH = YES;
				SDKROOT = iphoneos;
				SWIFT_ACTIVE_COMPILATION_CONDITIONS = DEBUG;
				SWIFT_OPTIMIZATION_LEVEL = "-Onone";
			};
			name = Debug;
		};
		AD164B3125BB51370035B473 /* Release */ = {
			isa = XCBuildConfiguration;
			buildSettings = {
				ALWAYS_SEARCH_USER_PATHS = NO;
				CLANG_ANALYZER_NONNULL = YES;
				CLANG_ANALYZER_NUMBER_OBJECT_CONVERSION = YES_AGGRESSIVE;
				CLANG_CXX_LANGUAGE_STANDARD = "gnu++14";
				CLANG_CXX_LIBRARY = "libc++";
				CLANG_ENABLE_MODULES = YES;
				CLANG_ENABLE_OBJC_ARC = YES;
				CLANG_ENABLE_OBJC_WEAK = YES;
				CLANG_WARN_BLOCK_CAPTURE_AUTORELEASING = YES;
				CLANG_WARN_BOOL_CONVERSION = YES;
				CLANG_WARN_COMMA = YES;
				CLANG_WARN_CONSTANT_CONVERSION = YES;
				CLANG_WARN_DEPRECATED_OBJC_IMPLEMENTATIONS = YES;
				CLANG_WARN_DIRECT_OBJC_ISA_USAGE = YES_ERROR;
				CLANG_WARN_DOCUMENTATION_COMMENTS = YES;
				CLANG_WARN_EMPTY_BODY = YES;
				CLANG_WARN_ENUM_CONVERSION = YES;
				CLANG_WARN_INFINITE_RECURSION = YES;
				CLANG_WARN_INT_CONVERSION = YES;
				CLANG_WARN_NON_LITERAL_NULL_CONVERSION = YES;
				CLANG_WARN_OBJC_IMPLICIT_RETAIN_SELF = YES;
				CLANG_WARN_OBJC_LITERAL_CONVERSION = YES;
				CLANG_WARN_OBJC_ROOT_CLASS = YES_ERROR;
				CLANG_WARN_QUOTED_INCLUDE_IN_FRAMEWORK_HEADER = YES;
				CLANG_WARN_RANGE_LOOP_ANALYSIS = YES;
				CLANG_WARN_STRICT_PROTOTYPES = YES;
				CLANG_WARN_SUSPICIOUS_MOVE = YES;
				CLANG_WARN_UNGUARDED_AVAILABILITY = YES_AGGRESSIVE;
				CLANG_WARN_UNREACHABLE_CODE = YES;
				CLANG_WARN__DUPLICATE_METHOD_MATCH = YES;
				COPY_PHASE_STRIP = NO;
				DEBUG_INFORMATION_FORMAT = "dwarf-with-dsym";
				ENABLE_NS_ASSERTIONS = NO;
				ENABLE_STRICT_OBJC_MSGSEND = YES;
				GCC_C_LANGUAGE_STANDARD = gnu11;
				GCC_NO_COMMON_BLOCKS = YES;
				GCC_WARN_64_TO_32_BIT_CONVERSION = YES;
				GCC_WARN_ABOUT_RETURN_TYPE = YES_ERROR;
				GCC_WARN_UNDECLARED_SELECTOR = YES;
				GCC_WARN_UNINITIALIZED_AUTOS = YES_AGGRESSIVE;
				GCC_WARN_UNUSED_FUNCTION = YES;
				GCC_WARN_UNUSED_VARIABLE = YES;
				IPHONEOS_DEPLOYMENT_TARGET = 14.3;
				MTL_ENABLE_DEBUG_INFO = NO;
				MTL_FAST_MATH = YES;
				SDKROOT = iphoneos;
				SWIFT_COMPILATION_MODE = wholemodule;
				SWIFT_OPTIMIZATION_LEVEL = "-O";
				VALIDATE_PRODUCT = YES;
			};
			name = Release;
		};
		AD164B3325BB51370035B473 /* Debug */ = {
			isa = XCBuildConfiguration;
			buildSettings = {
				ASSETCATALOG_COMPILER_APPICON_NAME = AppIcon;
				ASSETCATALOG_COMPILER_GLOBAL_ACCENT_COLOR_NAME = AccentColor;
				CODE_SIGN_STYLE = Automatic;
				CURRENT_PROJECT_VERSION = 3;
				DEVELOPMENT_ASSET_PATHS = "Asteroid\\ Watch/models.scnassets Asteroid\\ Watch/Preview\\ Content";
				DEVELOPMENT_TEAM = 83XX9TWPTZ;
				ENABLE_PREVIEWS = YES;
				INFOPLIST_FILE = "Asteroid Watch/Info.plist";
				IPHONEOS_DEPLOYMENT_TARGET = 14.0;
				LD_RUNPATH_SEARCH_PATHS = (
					"$(inherited)",
					"@executable_path/Frameworks",
				);
				MARKETING_VERSION = 1.1.2;
				PRODUCT_BUNDLE_IDENTIFIER = "com.gmail.markosapps.Asteroid-Watch";
				PRODUCT_NAME = "$(TARGET_NAME)";
				SWIFT_VERSION = 5.0;
				TARGETED_DEVICE_FAMILY = "1,2";
			};
			name = Debug;
		};
		AD164B3425BB51370035B473 /* Release */ = {
			isa = XCBuildConfiguration;
			buildSettings = {
				ASSETCATALOG_COMPILER_APPICON_NAME = AppIcon;
				ASSETCATALOG_COMPILER_GLOBAL_ACCENT_COLOR_NAME = AccentColor;
				CODE_SIGN_STYLE = Automatic;
				CURRENT_PROJECT_VERSION = 3;
				DEVELOPMENT_ASSET_PATHS = "Asteroid\\ Watch/models.scnassets Asteroid\\ Watch/Preview\\ Content";
				DEVELOPMENT_TEAM = 83XX9TWPTZ;
				ENABLE_PREVIEWS = YES;
				INFOPLIST_FILE = "Asteroid Watch/Info.plist";
				IPHONEOS_DEPLOYMENT_TARGET = 14.0;
				LD_RUNPATH_SEARCH_PATHS = (
					"$(inherited)",
					"@executable_path/Frameworks",
				);
				MARKETING_VERSION = 1.1.2;
				PRODUCT_BUNDLE_IDENTIFIER = "com.gmail.markosapps.Asteroid-Watch";
				PRODUCT_NAME = "$(TARGET_NAME)";
				SWIFT_VERSION = 5.0;
				TARGETED_DEVICE_FAMILY = "1,2";
			};
			name = Release;
		};
		AD164B3625BB51370035B473 /* Debug */ = {
			isa = XCBuildConfiguration;
			buildSettings = {
				ALWAYS_EMBED_SWIFT_STANDARD_LIBRARIES = YES;
				BUNDLE_LOADER = "$(TEST_HOST)";
				CLANG_ENABLE_MODULES = YES;
				CODE_SIGN_STYLE = Automatic;
				DEVELOPMENT_TEAM = 83XX9TWPTZ;
				INFOPLIST_FILE = "Asteroid WatchTests/Info.plist";
				IPHONEOS_DEPLOYMENT_TARGET = 14.0;
				LD_RUNPATH_SEARCH_PATHS = (
					"$(inherited)",
					"@executable_path/Frameworks",
					"@loader_path/Frameworks",
				);
				PRODUCT_BUNDLE_IDENTIFIER = "com.gmail.markosapps.Asteroid-WatchTests";
				PRODUCT_NAME = "$(TARGET_NAME)";
				SWIFT_OPTIMIZATION_LEVEL = "-Onone";
				SWIFT_VERSION = 5.0;
				TARGETED_DEVICE_FAMILY = "1,2";
				TEST_HOST = "$(BUILT_PRODUCTS_DIR)/Asteroid Watch.app/Asteroid Watch";
			};
			name = Debug;
		};
		AD164B3725BB51370035B473 /* Release */ = {
			isa = XCBuildConfiguration;
			buildSettings = {
				ALWAYS_EMBED_SWIFT_STANDARD_LIBRARIES = YES;
				BUNDLE_LOADER = "$(TEST_HOST)";
				CLANG_ENABLE_MODULES = YES;
				CODE_SIGN_STYLE = Automatic;
				DEVELOPMENT_TEAM = 83XX9TWPTZ;
				INFOPLIST_FILE = "Asteroid WatchTests/Info.plist";
				IPHONEOS_DEPLOYMENT_TARGET = 14.0;
				LD_RUNPATH_SEARCH_PATHS = (
					"$(inherited)",
					"@executable_path/Frameworks",
					"@loader_path/Frameworks",
				);
				PRODUCT_BUNDLE_IDENTIFIER = "com.gmail.markosapps.Asteroid-WatchTests";
				PRODUCT_NAME = "$(TARGET_NAME)";
				SWIFT_VERSION = 5.0;
				TARGETED_DEVICE_FAMILY = "1,2";
				TEST_HOST = "$(BUILT_PRODUCTS_DIR)/Asteroid Watch.app/Asteroid Watch";
			};
			name = Release;
		};
		AD164B3925BB51370035B473 /* Debug */ = {
			isa = XCBuildConfiguration;
			buildSettings = {
				ALWAYS_EMBED_SWIFT_STANDARD_LIBRARIES = YES;
				CODE_SIGN_STYLE = Automatic;
				DEVELOPMENT_TEAM = 83XX9TWPTZ;
				INFOPLIST_FILE = "Asteroid WatchUITests/Info.plist";
				LD_RUNPATH_SEARCH_PATHS = (
					"$(inherited)",
					"@executable_path/Frameworks",
					"@loader_path/Frameworks",
				);
				PRODUCT_BUNDLE_IDENTIFIER = "com.gmail.markosapps.Asteroid-WatchUITests";
				PRODUCT_NAME = "$(TARGET_NAME)";
				SWIFT_VERSION = 5.0;
				TARGETED_DEVICE_FAMILY = "1,2";
				TEST_TARGET_NAME = "Asteroid Watch";
			};
			name = Debug;
		};
		AD164B3A25BB51370035B473 /* Release */ = {
			isa = XCBuildConfiguration;
			buildSettings = {
				ALWAYS_EMBED_SWIFT_STANDARD_LIBRARIES = YES;
				CODE_SIGN_STYLE = Automatic;
				DEVELOPMENT_TEAM = 83XX9TWPTZ;
				INFOPLIST_FILE = "Asteroid WatchUITests/Info.plist";
				LD_RUNPATH_SEARCH_PATHS = (
					"$(inherited)",
					"@executable_path/Frameworks",
					"@loader_path/Frameworks",
				);
				PRODUCT_BUNDLE_IDENTIFIER = "com.gmail.markosapps.Asteroid-WatchUITests";
				PRODUCT_NAME = "$(TARGET_NAME)";
				SWIFT_VERSION = 5.0;
				TARGETED_DEVICE_FAMILY = "1,2";
				TEST_TARGET_NAME = "Asteroid Watch";
			};
			name = Release;
		};
/* End XCBuildConfiguration section */

/* Begin XCConfigurationList section */
		AD164B0325BB51350035B473 /* Build configuration list for PBXProject "Asteroid Watch" */ = {
			isa = XCConfigurationList;
			buildConfigurations = (
				AD164B3025BB51370035B473 /* Debug */,
				AD164B3125BB51370035B473 /* Release */,
			);
			defaultConfigurationIsVisible = 0;
			defaultConfigurationName = Release;
		};
		AD164B3225BB51370035B473 /* Build configuration list for PBXNativeTarget "Asteroid Watch" */ = {
			isa = XCConfigurationList;
			buildConfigurations = (
				AD164B3325BB51370035B473 /* Debug */,
				AD164B3425BB51370035B473 /* Release */,
			);
			defaultConfigurationIsVisible = 0;
			defaultConfigurationName = Release;
		};
		AD164B3525BB51370035B473 /* Build configuration list for PBXNativeTarget "Asteroid WatchTests" */ = {
			isa = XCConfigurationList;
			buildConfigurations = (
				AD164B3625BB51370035B473 /* Debug */,
				AD164B3725BB51370035B473 /* Release */,
			);
			defaultConfigurationIsVisible = 0;
			defaultConfigurationName = Release;
		};
		AD164B3825BB51370035B473 /* Build configuration list for PBXNativeTarget "Asteroid WatchUITests" */ = {
			isa = XCConfigurationList;
			buildConfigurations = (
				AD164B3925BB51370035B473 /* Debug */,
				AD164B3A25BB51370035B473 /* Release */,
			);
			defaultConfigurationIsVisible = 0;
			defaultConfigurationName = Release;
		};
/* End XCConfigurationList section */

/* Begin XCSwiftPackageProductDependency section */
		AD0552C325CEFD4A00CB6147 /* GeometryAPI */ = {
			isa = XCSwiftPackageProductDependency;
			productName = GeometryAPI;
		};
		ADB3A15725BF759D00528F3D /* AsteroidWatchAPI */ = {
			isa = XCSwiftPackageProductDependency;
			productName = AsteroidWatchAPI;
		};
/* End XCSwiftPackageProductDependency section */
	};
	rootObject = AD164B0025BB51350035B473 /* Project object */;
}
